{
  "name": "testcapitalcom_js_pw",
  "version": "1.0.0",
  "lockfileVersion": 2,
  "requires": true,
  "packages": {
    "": {
      "name": "testcapitalcom_js_pw",
      "version": "1.0.0",
      "license": "ISC",
      "devDependencies": {
        "@playwright/test": "^1.38.0",
        "@types/node": "^20.6.2",
        "allure-commandline": "^2.24.1",
        "allure-playwright": "^2.8.1"
      }
    },
    "node_modules/@playwright/test": {
      "version": "1.38.0",
      "resolved": "https://registry.npmjs.org/@playwright/test/-/test-1.38.0.tgz",
      "integrity": "sha512-xis/RXXsLxwThKnlIXouxmIvvT3zvQj1JE39GsNieMUrMpb3/GySHDh2j8itCG22qKVD4MYLBp7xB73cUW/UUw==",
      "dev": true,
      "dependencies": {
        "playwright": "1.38.0"
      },
      "bin": {
        "playwright": "cli.js"
      },
      "engines": {
        "node": ">=16"
      }
    },
    "node_modules/@types/node": {
      "version": "20.6.2",
      "resolved": "https://registry.npmjs.org/@types/node/-/node-20.6.2.tgz",
      "integrity": "sha512-Y+/1vGBHV/cYk6OI1Na/LHzwnlNCAfU3ZNGrc1LdRe/LAIbdDPTTv/HU3M7yXN448aTVDq3eKRm2cg7iKLb8gw==",
      "dev": true
    },
    "node_modules/allure-commandline": {
      "version": "2.24.1",
      "resolved": "https://registry.npmjs.org/allure-commandline/-/allure-commandline-2.24.1.tgz",
      "integrity": "sha512-eNto3ipBq+O2B/f8/OwiS3E8R7jYENs3qv8jT7wMZmziYLANsISC9tX/FfEqR3FDiQlEOjkP7iyTEZ3ph53FPg==",
      "dev": true,
      "bin": {
        "allure": "bin/allure"
      }
    },
    "node_modules/allure-js-commons": {
      "version": "2.8.1",
      "resolved": "https://registry.npmjs.org/allure-js-commons/-/allure-js-commons-2.8.1.tgz",
      "integrity": "sha512-Rc6ZQQW3OwX77GrgnQ5vcfDFI6WZteeodfCIgY0fBxUZPQFa14dWbFvLxoMSFV1zUFABtYzkQD7r/2+bfPWb6w==",
      "dev": true,
      "dependencies": {
        "properties": "^1.2.1"
      }
    },
    "node_modules/allure-playwright": {
      "version": "2.8.1",
      "resolved": "https://registry.npmjs.org/allure-playwright/-/allure-playwright-2.8.1.tgz",
      "integrity": "sha512-1/hmeO/WyscuyvrAi9E0BVANNKyLgC93xXdge5lFkePbkNaA5X7nJZUGW7w/ewOVd3vVWYKVPRVhTANQha10Sw==",
      "dev": true,
      "dependencies": {
        "allure-js-commons": "2.8.1"
      }
    },
    "node_modules/fsevents": {
      "version": "2.3.2",
      "resolved": "https://registry.npmjs.org/fsevents/-/fsevents-2.3.2.tgz",
      "integrity": "sha512-xiqMQR4xAeHTuB9uWm+fFRcIOgKBMiOBP+eXiyT7jsgVCq1bkVygt00oASowB7EdtpOHaaPgKt812P9ab+DDKA==",
      "dev": true,
      "hasInstallScript": true,
      "optional": true,
      "os": [
        "darwin"
      ],
      "engines": {
        "node": "^8.16.0 || ^10.6.0 || >=11.0.0"
      }
    },
    "node_modules/playwright": {
      "version": "1.38.0",
      "resolved": "https://registry.npmjs.org/playwright/-/playwright-1.38.0.tgz",
      "integrity": "sha512-fJGw+HO0YY+fU/F1N57DMO+TmXHTrmr905J05zwAQE9xkuwP/QLDk63rVhmyxh03dYnEhnRbsdbH9B0UVVRB3A==",
      "dev": true,
      "dependencies": {
        "playwright-core": "1.38.0"
      },
      "bin": {
        "playwright": "cli.js"
      },
      "engines": {
        "node": ">=16"
      },
      "optionalDependencies": {
        "fsevents": "2.3.2"
      }
    },
    "node_modules/playwright-core": {
      "version": "1.38.0",
      "resolved": "https://registry.npmjs.org/playwright-core/-/playwright-core-1.38.0.tgz",
      "integrity": "sha512-f8z1y8J9zvmHoEhKgspmCvOExF2XdcxMW8jNRuX4vkQFrzV4MlZ55iwb5QeyiFQgOFCUolXiRHgpjSEnqvO48g==",
      "dev": true,
      "bin": {
        "playwright-core": "cli.js"
      },
      "engines": {
        "node": ">=16"
      }
    },
    "node_modules/properties": {
      "version": "1.2.1",
      "resolved": "https://registry.npmjs.org/properties/-/properties-1.2.1.tgz",
      "integrity": "sha512-qYNxyMj1JeW54i/EWEFsM1cVwxJbtgPp8+0Wg9XjNaK6VE/c4oRi6PNu5p7w1mNXEIQIjV5Wwn8v8Gz82/QzdQ==",
      "dev": true,
      "engines": {
        "node": ">=0.10"
      }
    }
  },
  "dependencies": {
    "@playwright/test": {
      "version": "1.38.0",
      "resolved": "https://registry.npmjs.org/@playwright/test/-/test-1.38.0.tgz",
      "integrity": "sha512-xis/RXXsLxwThKnlIXouxmIvvT3zvQj1JE39GsNieMUrMpb3/GySHDh2j8itCG22qKVD4MYLBp7xB73cUW/UUw==",
      "dev": true,
      "requires": {
        "playwright": "1.38.0"
      }
    },
    "@types/node": {
      "version": "20.6.2",
      "resolved": "https://registry.npmjs.org/@types/node/-/node-20.6.2.tgz",
      "integrity": "sha512-Y+/1vGBHV/cYk6OI1Na/LHzwnlNCAfU3ZNGrc1LdRe/LAIbdDPTTv/HU3M7yXN448aTVDq3eKRm2cg7iKLb8gw==",
      "dev": true
    },
    "allure-commandline": {
      "version": "2.24.1",
      "resolved": "https://registry.npmjs.org/allure-commandline/-/allure-commandline-2.24.1.tgz",
      "integrity": "sha512-eNto3ipBq+O2B/f8/OwiS3E8R7jYENs3qv8jT7wMZmziYLANsISC9tX/FfEqR3FDiQlEOjkP7iyTEZ3ph53FPg==",
      "dev": true
    },
    "allure-js-commons": {
      "version": "2.8.1",
      "resolved": "https://registry.npmjs.org/allure-js-commons/-/allure-js-commons-2.8.1.tgz",
      "integrity": "sha512-Rc6ZQQW3OwX77GrgnQ5vcfDFI6WZteeodfCIgY0fBxUZPQFa14dWbFvLxoMSFV1zUFABtYzkQD7r/2+bfPWb6w==",
      "dev": true,
      "requires": {
        "properties": "^1.2.1"
      }
    },
    "allure-playwright": {
      "version": "2.8.1",
      "resolved": "https://registry.npmjs.org/allure-playwright/-/allure-playwright-2.8.1.tgz",
      "integrity": "sha512-1/hmeO/WyscuyvrAi9E0BVANNKyLgC93xXdge5lFkePbkNaA5X7nJZUGW7w/ewOVd3vVWYKVPRVhTANQha10Sw==",
      "dev": true,
      "requires": {
        "allure-js-commons": "2.8.1"
      }
    },
    "fsevents": {
      "version": "2.3.2",
      "resolved": "https://registry.npmjs.org/fsevents/-/fsevents-2.3.2.tgz",
      "integrity": "sha512-xiqMQR4xAeHTuB9uWm+fFRcIOgKBMiOBP+eXiyT7jsgVCq1bkVygt00oASowB7EdtpOHaaPgKt812P9ab+DDKA==",
      "dev": true,
      "optional": true
    },
    "playwright": {
      "version": "1.38.0",
      "resolved": "https://registry.npmjs.org/playwright/-/playwright-1.38.0.tgz",
      "integrity": "sha512-fJGw+HO0YY+fU/F1N57DMO+TmXHTrmr905J05zwAQE9xkuwP/QLDk63rVhmyxh03dYnEhnRbsdbH9B0UVVRB3A==",
      "dev": true,
      "requires": {
        "fsevents": "2.3.2",
        "playwright-core": "1.38.0"
      }
    },
    "playwright-core": {
      "version": "1.38.0",
      "resolved": "https://registry.npmjs.org/playwright-core/-/playwright-core-1.38.0.tgz",
      "integrity": "sha512-f8z1y8J9zvmHoEhKgspmCvOExF2XdcxMW8jNRuX4vkQFrzV4MlZ55iwb5QeyiFQgOFCUolXiRHgpjSEnqvO48g==",
      "dev": true
    },
    "properties": {
      "version": "1.2.1",
      "resolved": "https://registry.npmjs.org/properties/-/properties-1.2.1.tgz",
      "integrity": "sha512-qYNxyMj1JeW54i/EWEFsM1cVwxJbtgPp8+0Wg9XjNaK6VE/c4oRi6PNu5p7w1mNXEIQIjV5Wwn8v8Gz82/QzdQ==",
      "dev": true
    }
  }
}
